// !$*UTF8*$!
{
	archiveVersion = 1;
	classes = {
	};
	objectVersion = 77;
	objects = {

/* Begin PBXContainerItemProxy section */
		572642C42F4A045D00E5DE0F /* PBXContainerItemProxy */ = {
			isa = PBXContainerItemProxy;
			containerPortal = 572642AE2F4A045B00E5DE0F /* Project object */;
			proxyType = 1;
			remoteGlobalIDString = 572642B52F4A045B00E5DE0F;
			remoteInfo = QrBinary;
		};
		572642CE2F4A045D00E5DE0F /* PBXContainerItemProxy */ = {
			isa = PBXContainerItemProxy;
			containerPortal = 572642AE2F4A045B00E5DE0F /* Project object */;
			proxyType = 1;
			remoteGlobalIDString = 572642B52F4A045B00E5DE0F;
			remoteInfo = QrBinary;
		};
/* End PBXContainerItemProxy section */

/* Begin PBXFileReference section */
		572642B62F4A045B00E5DE0F /* QrBinary.app */ = {isa = PBXFileReference; explicitFileType = wrapper.application; includeInIndex = 0; path = QrBinary.app; sourceTree = BUILT_PRODUCTS_DIR; };
		572642C32F4A045D00E5DE0F /* QrBinaryTests.xctest */ = {isa = PBXFileReference; explicitFileType = wrapper.cfbundle; includeInIndex = 0; path = QrBinaryTests.xctest; sourceTree = BUILT_PRODUCTS_DIR; };
		572642CD2F4A045D00E5DE0F /* QrBinaryUITests.xctest */ = {isa = PBXFileReference; explicitFileType = wrapper.cfbundle; includeInIndex = 0; path = QrBinaryUITests.xctest; sourceTree = BUILT_PRODUCTS_DIR; };
/* End PBXFileReference section */

/* Begin PBXFileSystemSynchronizedRootGroup section */
		572642B82F4A045B00E5DE0F /* QrBinary */ = {
			isa = PBXFileSystemSynchronizedRootGroup;
			path = QrBinary;
			sourceTree = "<group>";
		};
		572642C62F4A045D00E5DE0F /* QrBinaryTests */ = {
			isa = PBXFileSystemSynchronizedRootGroup;
			path = QrBinaryTests;
			sourceTree = "<group>";
		};
		572642D02F4A045D00E5DE0F /* QrBinaryUITests */ = {
			isa = PBXFileSystemSynchronizedRootGroup;
			path = QrBinaryUITests;
			sourceTree = "<group>";
		};
/* End PBXFileSystemSynchronizedRootGroup section */

/* Begin PBXFrameworksBuildPhase section */
		572642B32F4A045B00E5DE0F /* Frameworks */ = {
			isa = PBXFrameworksBuildPhase;
			buildActionMask = 2147483647;
			files = (
			);
			runOnlyForDeploymentPostprocessing = 0;
		};
		572642C02F4A045D00E5DE0F /* Frameworks */ = {
			isa = PBXFrameworksBuildPhase;
			buildActionMask = 2147483647;
			files = (
			);
			runOnlyForDeploymentPostprocessing = 0;
		};
		572642CA2F4A045D00E5DE0F /* Frameworks */ = {
			isa = PBXFrameworksBuildPhase;
			buildActionMask = 2147483647;
			files = (
			);
			runOnlyForDeploymentPostprocessing = 0;
		};
/* End PBXFrameworksBuildPhase section */

/* Begin PBXGroup section */
		572642AD2F4A045B00E5DE0F = {
			isa = PBXGroup;
			children = (
				572642B82F4A045B00E5DE0F /* QrBinary */,
				572642C62F4A045D00E5DE0F /* QrBinaryTests */,
				572642D02F4A045D00E5DE0F /* QrBinaryUITests */,
				572642B72F4A045B00E5DE0F /* Products */,
			);
			sourceTree = "<group>";
		};
		572642B72F4A045B00E5DE0F /* Products */ = {
			isa = PBXGroup;
			children = (
				572642B62F4A045B00E5DE0F /* QrBinary.app */,
				572642C32F4A045D00E5DE0F /* QrBinaryTests.xctest */,
				572642CD2F4A045D00E5DE0F /* QrBinaryUITests.xctest */,
			);
			name = Products;
			sourceTree = "<group>";
		};
/* End PBXGroup section */

/* Begin PBXNativeTarget section */
		572642B52F4A045B00E5DE0F /* QrBinary */ = {
			isa = PBXNativeTarget;
			buildConfigurationList = 572642D72F4A045D00E5DE0F /* Build configuration list for PBXNativeTarget "QrBinary" */;
			buildPhases = (
				572642B22F4A045B00E5DE0F /* Sources */,
				572642B32F4A045B00E5DE0F /* Frameworks */,
				572642B42F4A045B00E5DE0F /* Resources */,
			);
			buildRules = (
			);
			dependencies = (
			);
			fileSystemSynchronizedGroups = (
				572642B82F4A045B00E5DE0F /* QrBinary */,
			);
			name = QrBinary;
			packageProductDependencies = (
			);
			productName = QrBinary;
			productReference = 572642B62F4A045B00E5DE0F /* QrBinary.app */;
			productType = "com.apple.product-type.application";
		};
		572642C22F4A045D00E5DE0F /* QrBinaryTests */ = {
			isa = PBXNativeTarget;
			buildConfigurationList = 572642DA2F4A045D00E5DE0F /* Build configuration list for PBXNativeTarget "QrBinaryTests" */;
			buildPhases = (
				572642BF2F4A045D00E5DE0F /* Sources */,
				572642C02F4A045D00E5DE0F /* Frameworks */,
				572642C12F4A045D00E5DE0F /* Resources */,
			);
			buildRules = (
			);
			dependencies = (
				572642C52F4A045D00E5DE0F /* PBXTargetDependency */,
			);
			fileSystemSynchronizedGroups = (
				572642C62F4A045D00E5DE0F /* QrBinaryTests */,
			);
			name = QrBinaryTests;
			packageProductDependencies = (
			);
			productName = QrBinaryTests;
			productReference = 572642C32F4A045D00E5DE0F /* QrBinaryTests.xctest */;
			productType = "com.apple.product-type.bundle.unit-test";
		};
		572642CC2F4A045D00E5DE0F /* QrBinaryUITests */ = {
			isa = PBXNativeTarget;
			buildConfigurationList = 572642DD2F4A045D00E5DE0F /* Build configuration list for PBXNativeTarget "QrBinaryUITests" */;
			buildPhases = (
				572642C92F4A045D00E5DE0F /* Sources */,
				572642CA2F4A045D00E5DE0F /* Frameworks */,
				572642CB2F4A045D00E5DE0F /* Resources */,
			);
			buildRules = (
			);
			dependencies = (
				572642CF2F4A045D00E5DE0F /* PBXTargetDependency */,
			);
			fileSystemSynchronizedGroups = (
				572642D02F4A045D00E5DE0F /* QrBinaryUITests */,
			);
			name = QrBinaryUITests;
			packageProductDependencies = (
			);
			productName = QrBinaryUITests;
			productReference = 572642CD2F4A045D00E5DE0F /* QrBinaryUITests.xctest */;
			productType = "com.apple.product-type.bundle.ui-testing";
		};
/* End PBXNativeTarget section */

/* Begin PBXProject section */
		572642AE2F4A045B00E5DE0F /* Project object */ = {
			isa = PBXProject;
			attributes = {
				BuildIndependentTargetsInParallel = 1;
				LastSwiftUpdateCheck = 2640;
				LastUpgradeCheck = 2640;
				TargetAttributes = {
					572642B52F4A045B00E5DE0F = {
						CreatedOnToolsVersion = 26.4;
					};
					572642C22F4A045D00E5DE0F = {
						CreatedOnToolsVersion = 26.4;
						TestTargetID = 572642B52F4A045B00E5DE0F;
					};
					572642CC2F4A045D00E5DE0F = {
						CreatedOnToolsVersion = 26.4;
						TestTargetID = 572642B52F4A045B00E5DE0F;
					};
				};
			};
			buildConfigurationList = 572642B12F4A045B00E5DE0F /* Build configuration list for PBXProject "QrBinary" */;
			developmentRegion = en;
			hasScannedForEncodings = 0;
			knownRegions = (
				en,
				Base,
			);
			mainGroup = 572642AD2F4A045B00E5DE0F;
			minimizedProjectReferenceProxies = 1;
			preferredProjectObjectVersion = 77;
			productRefGroup = 572642B72F4A045B00E5DE0F /* Products */;
			projectDirPath = "";
			projectRoot = "";
			targets = (
				572642B52F4A045B00E5DE0F /* QrBinary */,
				572642C22F4A045D00E5DE0F /* QrBinaryTests */,
				572642CC2F4A045D00E5DE0F /* QrBinaryUITests */,
			);
		};
/* End PBXProject section */

/* Begin PBXResourcesBuildPhase section */
		572642B42F4A045B00E5DE0F /* Resources */ = {
			isa = PBXResourcesBuildPhase;
			buildActionMask = 2147483647;
			files = (
			);
			runOnlyForDeploymentPostprocessing = 0;
		};
		572642C12F4A045D00E5DE0F /* Resources */ = {
			isa = PBXResourcesBuildPhase;
			buildActionMask = 2147483647;
			files = (
			);
			runOnlyForDeploymentPostprocessing = 0;
		};
		572642CB2F4A045D00E5DE0F /* Resources */ = {
			isa = PBXResourcesBuildPhase;
			buildActionMask = 2147483647;
			files = (
			);
			runOnlyForDeploymentPostprocessing = 0;
		};
/* End PBXResourcesBuildPhase section */

/* Begin PBXSourcesBuildPhase section */
		572642B22F4A045B00E5DE0F /* Sources */ = {
			isa = PBXSourcesBuildPhase;
			buildActionMask = 2147483647;
			files = (
			);
			runOnlyForDeploymentPostprocessing = 0;
		};
		572642BF2F4A045D00E5DE0F /* Sources */ = {
			isa = PBXSourcesBuildPhase;
			buildActionMask = 2147483647;
			files = (
			);
			runOnlyForDeploymentPostprocessing = 0;
		};
		572642C92F4A045D00E5DE0F /* Sources */ = {
			isa = PBXSourcesBuildPhase;
			buildActionMask = 2147483647;
			files = (
			);
			runOnlyForDeploymentPostprocessing = 0;
		};
/* End PBXSourcesBuildPhase section */

/* Begin PBXTargetDependency section */
		572642C52F4A045D00E5DE0F /* PBXTargetDependency */ = {
			isa = PBXTargetDependency;
			target = 572642B52F4A045B00E5DE0F /* QrBinary */;
			targetProxy = 572642C42F4A045D00E5DE0F /* PBXContainerItemProxy */;
		};
		572642CF2F4A045D00E5DE0F /* PBXTargetDependency */ = {
			isa = PBXTargetDependency;
			target = 572642B52F4A045B00E5DE0F /* QrBinary */;
			targetProxy = 572642CE2F4A045D00E5DE0F /* PBXContainerItemProxy */;
		};
/* End PBXTargetDependency section */

/* Begin XCBuildConfiguration section */
		572642D52F4A045D00E5DE0F /* Debug */ = {
			isa = XCBuildConfiguration;
			buildSettings = {
				ALWAYS_SEARCH_USER_PATHS = NO;
				ASSETCATALOG_COMPILER_GENERATE_SWIFT_ASSET_SYMBOL_EXTENSIONS = YES;
				CLANG_ANALYZER_NONNULL = YES;
				CLANG_ANALYZER_NUMBER_OBJECT_CONVERSION = YES_AGGRESSIVE;
				CLANG_CXX_LANGUAGE_STANDARD = "gnu++20";
				CLANG_ENABLE_MODULES = YES;
				CLANG_ENABLE_OBJC_ARC = YES;
				CLANG_ENABLE_OBJC_WEAK = YES;
				CLANG_WARN_BLOCK_CAPTURE_AUTORELEASING = YES;
				CLANG_WARN_BOOL_CONVERSION = YES;
				CLANG_WARN_COMMA = YES;
				CLANG_WARN_CONSTANT_CONVERSION = YES;
				CLANG_WARN_DEPRECATED_OBJC_IMPLEMENTATIONS = YES;
				CLANG_WARN_DIRECT_OBJC_ISA_USAGE = YES_ERROR;
				CLANG_WARN_DOCUMENTATION_COMMENTS = YES;
				CLANG_WARN_EMPTY_BODY = YES;
				CLANG_WARN_ENUM_CONVERSION = YES;
				CLANG_WARN_INFINITE_RECURSION = YES;
				CLANG_WARN_INT_CONVERSION = YES;
				CLANG_WARN_NON_LITERAL_NULL_CONVERSION = YES;
				CLANG_WARN_OBJC_IMPLICIT_RETAIN_SELF = YES;
				CLANG_WARN_OBJC_LITERAL_CONVERSION = YES;
				CLANG_WARN_OBJC_ROOT_CLASS = YES_ERROR;
				CLANG_WARN_QUOTED_INCLUDE_IN_FRAMEWORK_HEADER = YES;
				CLANG_WARN_RANGE_LOOP_ANALYSIS = YES;
				CLANG_WARN_STRICT_PROTOTYPES = YES;
				CLANG_WARN_SUSPICIOUS_MOVE = YES;
				CLANG_WARN_UNGUARDED_AVAILABILITY = YES_AGGRESSIVE;
				CLANG_WARN_UNREACHABLE_CODE = YES;
				CLANG_WARN__DUPLICATE_METHOD_MATCH = YES;
				COPY_PHASE_STRIP = NO;
				DEBUG_INFORMATION_FORMAT = dwarf;
				DEVELOPMENT_TEAM = 288L8H2367;
				ENABLE_STRICT_OBJC_MSGSEND = YES;
				ENABLE_TESTABILITY = YES;
				ENABLE_USER_SCRIPT_SANDBOXING = YES;
				GCC_C_LANGUAGE_STANDARD = gnu17;
				GCC_DYNAMIC_NO_PIC = NO;
				GCC_NO_COMMON_BLOCKS = YES;
				GCC_OPTIMIZATION_LEVEL = 0;
				GCC_PREPROCESSOR_DEFINITIONS = (
					"DEBUG=1",
					"$(inherited)",
				);
				GCC_WARN_64_TO_32_BIT_CONVERSION = YES;
				GCC_WARN_ABOUT_RETURN_TYPE = YES_ERROR;
				GCC_WARN_UNDECLARED_SELECTOR = YES;
				GCC_WARN_UNINITIALIZED_AUTOS = YES_AGGRESSIVE;
				GCC_WARN_UNUSED_FUNCTION = YES;
				GCC_WARN_UNUSED_VARIABLE = YES;
				INFOPLIST_KEY_NSCalendarsUsageDescription = "";
				INFOPLIST_KEY_NSCameraUsageDescription = "我们需要访问您的摄像头来解析二维码";
				INFOPLIST_KEY_NSMainCameraUsageDescription = "我们需要访问您的摄像头来解析二维码";
				INFOPLIST_KEY_NSPhotoLibraryAddUsageDescription = "我们需要访问您的相册来解析二维码";
				INFOPLIST_KEY_NSPhotoLibraryUsageDescription = "我们需要访问您的相册来解析二维码";
				IPHONEOS_DEPLOYMENT_TARGET = 16.6;
				LOCALIZATION_PREFERS_STRING_CATALOGS = YES;
				MTL_ENABLE_DEBUG_INFO = INCLUDE_SOURCE;
				MTL_FAST_MATH = YES;
				ONLY_ACTIVE_ARCH = YES;
				SDKROOT = iphoneos;
				SWIFT_ACTIVE_COMPILATION_CONDITIONS = "DEBUG $(inherited)";
				SWIFT_OPTIMIZATION_LEVEL = "-Onone";
			};
			name = Debug;
		};
		572642D62F4A045D00E5DE0F /* Release */ = {
			isa = XCBuildConfiguration;
			buildSettings = {
				ALWAYS_SEARCH_USER_PATHS = NO;
				ASSETCATALOG_COMPILER_GENERATE_SWIFT_ASSET_SYMBOL_EXTENSIONS = YES;
				CLANG_ANALYZER_NONNULL = YES;
				CLANG_ANALYZER_NUMBER_OBJECT_CONVERSION = YES_AGGRESSIVE;
				CLANG_CXX_LANGUAGE_STANDARD = "gnu++20";
				CLANG_ENABLE_MODULES = YES;
				CLANG_ENABLE_OBJC_ARC = YES;
				CLANG_ENABLE_OBJC_WEAK = YES;
				CLANG_WARN_BLOCK_CAPTURE_AUTORELEASING = YES;
				CLANG_WARN_BOOL_CONVERSION = YES;
				CLANG_WARN_COMMA = YES;
				CLANG_WARN_CONSTANT_CONVERSION = YES;
				CLANG_WARN_DEPRECATED_OBJC_IMPLEMENTATIONS = YES;
				CLANG_WARN_DIRECT_OBJC_ISA_USAGE = YES_ERROR;
				CLANG_WARN_DOCUMENTATION_COMMENTS = YES;
				CLANG_WARN_EMPTY_BODY = YES;
				CLANG_WARN_ENUM_CONVERSION = YES;
				CLANG_WARN_INFINITE_RECURSION = YES;
				CLANG_WARN_INT_CONVERSION = YES;
				CLANG_WARN_NON_LITERAL_NULL_CONVERSION = YES;
				CLANG_WARN_OBJC_IMPLICIT_RETAIN_SELF = YES;
				CLANG_WARN_OBJC_LITERAL_CONVERSION = YES;
				CLANG_WARN_OBJC_ROOT_CLASS = YES_ERROR;
				CLANG_WARN_QUOTED_INCLUDE_IN_FRAMEWORK_HEADER = YES;
				CLANG_WARN_RANGE_LOOP_ANALYSIS = YES;
				CLANG_WARN_STRICT_PROTOTYPES = YES;
				CLANG_WARN_SUSPICIOUS_MOVE = YES;
				CLANG_WARN_UNGUARDED_AVAILABILITY = YES_AGGRESSIVE;
				CLANG_WARN_UNREACHABLE_CODE = YES;
				CLANG_WARN__DUPLICATE_METHOD_MATCH = YES;
				COPY_PHASE_STRIP = NO;
				DEBUG_INFORMATION_FORMAT = "dwarf-with-dsym";
				DEVELOPMENT_TEAM = 288L8H2367;
				ENABLE_NS_ASSERTIONS = NO;
				ENABLE_STRICT_OBJC_MSGSEND = YES;
				ENABLE_USER_SCRIPT_SANDBOXING = YES;
				GCC_C_LANGUAGE_STANDARD = gnu17;
				GCC_NO_COMMON_BLOCKS = YES;
				GCC_WARN_64_TO_32_BIT_CONVERSION = YES;
				GCC_WARN_ABOUT_RETURN_TYPE = YES_ERROR;
				GCC_WARN_UNDECLARED_SELECTOR = YES;
				GCC_WARN_UNINITIALIZED_AUTOS = YES_AGGRESSIVE;
				GCC_WARN_UNUSED_FUNCTION = YES;
				GCC_WARN_UNUSED_VARIABLE = YES;
				INFOPLIST_KEY_NSCalendarsUsageDescription = "";
				INFOPLIST_KEY_NSCameraUsageDescription = "我们需要访问您的摄像头来解析二维码";
				INFOPLIST_KEY_NSMainCameraUsageDescription = "我们需要访问您的摄像头来解析二维码";
				INFOPLIST_KEY_NSPhotoLibraryAddUsageDescription = "我们需要访问您的相册来解析二维码";
				INFOPLIST_KEY_NSPhotoLibraryUsageDescription = "我们需要访问您的相册来解析二维码";
				IPHONEOS_DEPLOYMENT_TARGET = 16.6;
				LOCALIZATION_PREFERS_STRING_CATALOGS = YES;
				MTL_ENABLE_DEBUG_INFO = NO;
				MTL_FAST_MATH = YES;
				SDKROOT = iphoneos;
				SWIFT_COMPILATION_MODE = wholemodule;
				VALIDATE_PRODUCT = YES;
			};
			name = Release;
		};
		572642D82F4A045D00E5DE0F /* Debug */ = {
			isa = XCBuildConfiguration;
			buildSettings = {
				ASSETCATALOG_COMPILER_APPICON_NAME = AppIcon;
				ASSETCATALOG_COMPILER_GLOBAL_ACCENT_COLOR_NAME = AccentColor;
				CODE_SIGN_STYLE = Automatic;
				CURRENT_PROJECT_VERSION = 1;
				DEVELOPMENT_TEAM = 288L8H2367;
				ENABLE_PREVIEWS = YES;
				GENERATE_INFOPLIST_FILE = YES;
				INFOPLIST_KEY_UIApplicationSceneManifest_Generation = YES;
				INFOPLIST_KEY_UIApplicationSupportsIndirectInputEvents = YES;
				INFOPLIST_KEY_UILaunchScreen_Generation = YES;
				INFOPLIST_KEY_UISupportedInterfaceOrientations_iPad = "UIInterfaceOrientationPortrait UIInterfaceOrientationPortraitUpsideDown UIInterfaceOrientationLandscapeLeft UIInterfaceOrientationLandscapeRight";
				INFOPLIST_KEY_UISupportedInterfaceOrientations_iPhone = "UIInterfaceOrientationPortrait UIInterfaceOrientationLandscapeLeft UIInterfaceOrientationLandscapeRight";
				IPHONEOS_DEPLOYMENT_TARGET = 26.0;
				LD_RUNPATH_SEARCH_PATHS = (
					"$(inherited)",
					"@executable_path/Frameworks",
				);
				MARKETING_VERSION = 1.0;
				PRODUCT_BUNDLE_IDENTIFIER = vic.john.QrBinary;
				PRODUCT_NAME = "$(TARGET_NAME)";
				STRING_CATALOG_GENERATE_SYMBOLS = YES;
				SWIFT_APPROACHABLE_CONCURRENCY = YES;
				SWIFT_DEFAULT_ACTOR_ISOLATION = MainActor;
				SWIFT_EMIT_LOC_STRINGS = YES;
				SWIFT_UPCOMING_FEATURE_MEMBER_IMPORT_VISIBILITY = YES;
				SWIFT_VERSION = 5.0;
				TARGETED_DEVICE_FAMILY = "1,2";
			};
			name = Debug;
		};
		572642D92F4A045D00E5DE0F /* Release */ = {
			isa = XCBuildConfiguration;
			buildSettings = {
				ASSETCATALOG_COMPILER_APPICON_NAME = AppIcon;
				ASSETCATALOG_COMPILER_GLOBAL_ACCENT_COLOR_NAME = AccentColor;
				CODE_SIGN_STYLE = Automatic;
				CURRENT_PROJECT_VERSION = 1;
				DEVELOPMENT_TEAM = 288L8H2367;
				ENABLE_PREVIEWS = YES;
				GENERATE_INFOPLIST_FILE = YES;
				INFOPLIST_KEY_UIApplicationSceneManifest_Generation = YES;
				INFOPLIST_KEY_UIApplicationSupportsIndirectInputEvents = YES;
				INFOPLIST_KEY_UILaunchScreen_Generation = YES;
				INFOPLIST_KEY_UISupportedInterfaceOrientations_iPad = "UIInterfaceOrientationPortrait UIInterfaceOrientationPortraitUpsideDown UIInterfaceOrientationLandscapeLeft UIInterfaceOrientationLandscapeRight";
				INFOPLIST_KEY_UISupportedInterfaceOrientations_iPhone = "UIInterfaceOrientationPortrait UIInterfaceOrientationLandscapeLeft UIInterfaceOrientationLandscapeRight";
				IPHONEOS_DEPLOYMENT_TARGET = 26.0;
				LD_RUNPATH_SEARCH_PATHS = (
					"$(inherited)",
					"@executable_path/Frameworks",
				);
				MARKETING_VERSION = 1.0;
				PRODUCT_BUNDLE_IDENTIFIER = vic.john.QrBinary;
				PRODUCT_NAME = "$(TARGET_NAME)";
				STRING_CATALOG_GENERATE_SYMBOLS = YES;
				SWIFT_APPROACHABLE_CONCURRENCY = YES;
				SWIFT_DEFAULT_ACTOR_ISOLATION = MainActor;
				SWIFT_EMIT_LOC_STRINGS = YES;
				SWIFT_UPCOMING_FEATURE_MEMBER_IMPORT_VISIBILITY = YES;
				SWIFT_VERSION = 5.0;
				TARGETED_DEVICE_FAMILY = "1,2";
			};
			name = Release;
		};
		572642DB2F4A045D00E5DE0F /* Debug */ = {
			isa = XCBuildConfiguration;
			buildSettings = {
				BUNDLE_LOADER = "$(TEST_HOST)";
				CODE_SIGN_STYLE = Automatic;
				CURRENT_PROJECT_VERSION = 1;
				DEVELOPMENT_TEAM = 288L8H2367;
				GENERATE_INFOPLIST_FILE = YES;
				IPHONEOS_DEPLOYMENT_TARGET = 26.4;
				MARKETING_VERSION = 1.0;
				PRODUCT_BUNDLE_IDENTIFIER = vic.john.QrBinaryTests;
				PRODUCT_NAME = "$(TARGET_NAME)";
				STRING_CATALOG_GENERATE_SYMBOLS = NO;
				SWIFT_APPROACHABLE_CONCURRENCY = YES;
				SWIFT_EMIT_LOC_STRINGS = NO;
				SWIFT_UPCOMING_FEATURE_MEMBER_IMPORT_VISIBILITY = YES;
				SWIFT_VERSION = 5.0;
				TARGETED_DEVICE_FAMILY = "1,2";
				TEST_HOST = "$(BUILT_PRODUCTS_DIR)/QrBinary.app/$(BUNDLE_EXECUTABLE_FOLDER_PATH)/QrBinary";
			};
			name = Debug;
		};
		572642DC2F4A045D00E5DE0F /* Release */ = {
			isa = XCBuildConfiguration;
			buildSettings = {
				BUNDLE_LOADER = "$(TEST_HOST)";
				CODE_SIGN_STYLE = Automatic;
				CURRENT_PROJECT_VERSION = 1;
				DEVELOPMENT_TEAM = 288L8H2367;
				GENERATE_INFOPLIST_FILE = YES;
				IPHONEOS_DEPLOYMENT_TARGET = 26.4;
				MARKETING_VERSION = 1.0;
				PRODUCT_BUNDLE_IDENTIFIER = vic.john.QrBinaryTests;
				PRODUCT_NAME = "$(TARGET_NAME)";
				STRING_CATALOG_GENERATE_SYMBOLS = NO;
				SWIFT_APPROACHABLE_CONCURRENCY = YES;
				SWIFT_EMIT_LOC_STRINGS = NO;
				SWIFT_UPCOMING_FEATURE_MEMBER_IMPORT_VISIBILITY = YES;
				SWIFT_VERSION = 5.0;
				TARGETED_DEVICE_FAMILY = "1,2";
				TEST_HOST = "$(BUILT_PRODUCTS_DIR)/QrBinary.app/$(BUNDLE_EXECUTABLE_FOLDER_PATH)/QrBinary";
			};
			name = Release;
		};
		572642DE2F4A045D00E5DE0F /* Debug */ = {
			isa = XCBuildConfiguration;
			buildSettings = {
				CODE_SIGN_STYLE = Automatic;
				CURRENT_PROJECT_VERSION = 1;
				DEVELOPMENT_TEAM = 288L8H2367;
				GENERATE_INFOPLIST_FILE = YES;
				MARKETING_VERSION = 1.0;
				PRODUCT_BUNDLE_IDENTIFIER = vic.john.QrBinaryUITests;
				PRODUCT_NAME = "$(TARGET_NAME)";
				STRING_CATALOG_GENERATE_SYMBOLS = NO;
				SWIFT_APPROACHABLE_CONCURRENCY = YES;
				SWIFT_EMIT_LOC_STRINGS = NO;
				SWIFT_UPCOMING_FEATURE_MEMBER_IMPORT_VISIBILITY = YES;
				SWIFT_VERSION = 5.0;
				TARGETED_DEVICE_FAMILY = "1,2";
				TEST_TARGET_NAME = QrBinary;
			};
			name = Debug;
		};
		572642DF2F4A045D00E5DE0F /* Release */ = {
			isa = XCBuildConfiguration;
			buildSettings = {
				CODE_SIGN_STYLE = Automatic;
				CURRENT_PROJECT_VERSION = 1;
				DEVELOPMENT_TEAM = 288L8H2367;
				GENERATE_INFOPLIST_FILE = YES;
				MARKETING_VERSION = 1.0;
				PRODUCT_BUNDLE_IDENTIFIER = vic.john.QrBinaryUITests;
				PRODUCT_NAME = "$(TARGET_NAME)";
				STRING_CATALOG_GENERATE_SYMBOLS = NO;
				SWIFT_APPROACHABLE_CONCURRENCY = YES;
				SWIFT_EMIT_LOC_STRINGS = NO;
				SWIFT_UPCOMING_FEATURE_MEMBER_IMPORT_VISIBILITY = YES;
				SWIFT_VERSION = 5.0;
				TARGETED_DEVICE_FAMILY = "1,2";
				TEST_TARGET_NAME = QrBinary;
			};
			name = Release;
		};
/* End XCBuildConfiguration section */

/* Begin XCConfigurationList section */
		572642B12F4A045B00E5DE0F /* Build configuration list for PBXProject "QrBinary" */ = {
			isa = XCConfigurationList;
			buildConfigurations = (
				572642D52F4A045D00E5DE0F /* Debug */,
				572642D62F4A045D00E5DE0F /* Release */,
			);
			defaultConfigurationIsVisible = 0;
			defaultConfigurationName = Release;
		};
		572642D72F4A045D00E5DE0F /* Build configuration list for PBXNativeTarget "QrBinary" */ = {
			isa = XCConfigurationList;
			buildConfigurations = (
				572642D82F4A045D00E5DE0F /* Debug */,
				572642D92F4A045D00E5DE0F /* Release */,
			);
			defaultConfigurationIsVisible = 0;
			defaultConfigurationName = Release;
		};
		572642DA2F4A045D00E5DE0F /* Build configuration list for PBXNativeTarget "QrBinaryTests" */ = {
			isa = XCConfigurationList;
			buildConfigurations = (
				572642DB2F4A045D00E5DE0F /* Debug */,
				572642DC2F4A045D00E5DE0F /* Release */,
			);
			defaultConfigurationIsVisible = 0;
			defaultConfigurationName = Release;
		};
		572642DD2F4A045D00E5DE0F /* Build configuration list for PBXNativeTarget "QrBinaryUITests" */ = {
			isa = XCConfigurationList;
			buildConfigurations = (
				572642DE2F4A045D00E5DE0F /* Debug */,
				572642DF2F4A045D00E5DE0F /* Release */,
			);
			defaultConfigurationIsVisible = 0;
			defaultConfigurationName = Release;
		};
/* End XCConfigurationList section */
	};
	rootObject = 572642AE2F4A045B00E5DE0F /* Project object */;
}
